// !$*UTF8*$!
{
	archiveVersion = 1;
	classes = {
	};
	objectVersion = 50;
	objects = {

/* Begin PBXBuildFile section */
		14A51B7F1D25FB8030AD1F58 /* Pods_Tutor_Tests.framework in Frameworks */ = {isa = PBXBuildFile; fileRef = 491E6320B62899F69A5A1CFC /* Pods_Tutor_Tests.framework */; };
		14A63A8E24CE91D6A154BA5D /* Pods_Tutor_UITests.framework in Frameworks */ = {isa = PBXBuildFile; fileRef = AF02DA98643601DA9126B1A7 /* Pods_Tutor_UITests.framework */; };
		426098232175B30E00A2C1B8 /* LoginViewController.swift in Sources */ = {isa = PBXBuildFile; fileRef = 426098222175B30E00A2C1B8 /* LoginViewController.swift */; };
		42866EAE216EA63400D29698 /* AppDelegate.swift in Sources */ = {isa = PBXBuildFile; fileRef = 42866EAD216EA63400D29698 /* AppDelegate.swift */; };
		42866EB3216EA63400D29698 /* Main.storyboard in Resources */ = {isa = PBXBuildFile; fileRef = 42866EB1216EA63400D29698 /* Main.storyboard */; };
		42866EB5216EA63700D29698 /* Assets.xcassets in Resources */ = {isa = PBXBuildFile; fileRef = 42866EB4216EA63700D29698 /* Assets.xcassets */; };
		42866EB8216EA63700D29698 /* LaunchScreen.storyboard in Resources */ = {isa = PBXBuildFile; fileRef = 42866EB6216EA63700D29698 /* LaunchScreen.storyboard */; };
		42866EC3216EA63700D29698 /* Tutor_Tests.swift in Sources */ = {isa = PBXBuildFile; fileRef = 42866EC2216EA63700D29698 /* Tutor_Tests.swift */; };
		42866ECE216EA63700D29698 /* Tutor_UITests.swift in Sources */ = {isa = PBXBuildFile; fileRef = 42866ECD216EA63700D29698 /* Tutor_UITests.swift */; };
		429D63EB2174D5F6006EC97F /* GoogleService-Info.plist in Resources */ = {isa = PBXBuildFile; fileRef = 429D63EA2174D5F6006EC97F /* GoogleService-Info.plist */; };
		42D9CA622174E139005C307A /* Tutor+.xcworkspace in Resources */ = {isa = PBXBuildFile; fileRef = 42D9CA612174E139005C307A /* Tutor+.xcworkspace */; };
		74BF8E58423110C7B6CACCD0 /* Pods_Tutor_.framework in Frameworks */ = {isa = PBXBuildFile; fileRef = F3D4DCE4BE32E7D66DC684DF /* Pods_Tutor_.framework */; };
		AB26A46B21768CAF00FEE377 /* FirebaseUser.swift in Sources */ = {isa = PBXBuildFile; fileRef = AB26A46A21768CAF00FEE377 /* FirebaseUser.swift */; };
		AB26A46F21769FE000FEE377 /* GlobalFunctions.swift in Sources */ = {isa = PBXBuildFile; fileRef = AB26A46E21769FE000FEE377 /* GlobalFunctions.swift */; };
		AB92C155217668CB0030B5F7 /* SearchViewController.swift in Sources */ = {isa = PBXBuildFile; fileRef = AB92C154217668CB0030B5F7 /* SearchViewController.swift */; };
		C82C1C1A217BDDBA00EE4660 /* TutorProfileEdit.swift in Sources */ = {isa = PBXBuildFile; fileRef = C82C1C19217BDDBA00EE4660 /* TutorProfileEdit.swift */; };
		C8BE92A12176D9D000A0E896 /* userProfileEdit.swift in Sources */ = {isa = PBXBuildFile; fileRef = C8BE929F2176D9CF00A0E896 /* userProfileEdit.swift */; };
		C8BE92A22176D9D000A0E896 /* userProfilePageViewController.swift in Sources */ = {isa = PBXBuildFile; fileRef = C8BE92A02176D9D000A0E896 /* userProfilePageViewController.swift */; };
/* End PBXBuildFile section */

/* Begin PBXContainerItemProxy section */
		42866EBF216EA63700D29698 /* PBXContainerItemProxy */ = {
			isa = PBXContainerItemProxy;
			containerPortal = 42866EA2216EA63400D29698 /* Project object */;
			proxyType = 1;
			remoteGlobalIDString = 42866EA9216EA63400D29698;
			remoteInfo = "Tutor+";
		};
		42866ECA216EA63700D29698 /* PBXContainerItemProxy */ = {
			isa = PBXContainerItemProxy;
			containerPortal = 42866EA2216EA63400D29698 /* Project object */;
			proxyType = 1;
			remoteGlobalIDString = 42866EA9216EA63400D29698;
			remoteInfo = "Tutor+";
		};
/* End PBXContainerItemProxy section */

/* Begin PBXFileReference section */
		426098222175B30E00A2C1B8 /* LoginViewController.swift */ = {isa = PBXFileReference; lastKnownFileType = sourcecode.swift; path = LoginViewController.swift; sourceTree = "<group>"; };
		42866EAA216EA63400D29698 /* Tutor+.app */ = {isa = PBXFileReference; explicitFileType = wrapper.application; includeInIndex = 0; path = "Tutor+.app"; sourceTree = BUILT_PRODUCTS_DIR; };
		42866EAD216EA63400D29698 /* AppDelegate.swift */ = {isa = PBXFileReference; lastKnownFileType = sourcecode.swift; path = AppDelegate.swift; sourceTree = "<group>"; };
		42866EB2216EA63400D29698 /* Base */ = {isa = PBXFileReference; lastKnownFileType = file.storyboard; name = Base; path = Base.lproj/Main.storyboard; sourceTree = "<group>"; };
		42866EB4216EA63700D29698 /* Assets.xcassets */ = {isa = PBXFileReference; lastKnownFileType = folder.assetcatalog; path = Assets.xcassets; sourceTree = "<group>"; };
		42866EB7216EA63700D29698 /* Base */ = {isa = PBXFileReference; lastKnownFileType = file.storyboard; name = Base; path = Base.lproj/LaunchScreen.storyboard; sourceTree = "<group>"; };
		42866EB9216EA63700D29698 /* Info.plist */ = {isa = PBXFileReference; lastKnownFileType = text.plist.xml; path = Info.plist; sourceTree = "<group>"; };
		42866EBE216EA63700D29698 /* Tutor+Tests.xctest */ = {isa = PBXFileReference; explicitFileType = wrapper.cfbundle; includeInIndex = 0; path = "Tutor+Tests.xctest"; sourceTree = BUILT_PRODUCTS_DIR; };
		42866EC2216EA63700D29698 /* Tutor_Tests.swift */ = {isa = PBXFileReference; lastKnownFileType = sourcecode.swift; path = Tutor_Tests.swift; sourceTree = "<group>"; };
		42866EC4216EA63700D29698 /* Info.plist */ = {isa = PBXFileReference; lastKnownFileType = text.plist.xml; path = Info.plist; sourceTree = "<group>"; };
		42866EC9216EA63700D29698 /* Tutor+UITests.xctest */ = {isa = PBXFileReference; explicitFileType = wrapper.cfbundle; includeInIndex = 0; path = "Tutor+UITests.xctest"; sourceTree = BUILT_PRODUCTS_DIR; };
		42866ECD216EA63700D29698 /* Tutor_UITests.swift */ = {isa = PBXFileReference; lastKnownFileType = sourcecode.swift; path = Tutor_UITests.swift; sourceTree = "<group>"; };
		42866ECF216EA63700D29698 /* Info.plist */ = {isa = PBXFileReference; lastKnownFileType = text.plist.xml; path = Info.plist; sourceTree = "<group>"; };
		429D63EA2174D5F6006EC97F /* GoogleService-Info.plist */ = {isa = PBXFileReference; fileEncoding = 4; lastKnownFileType = text.plist.xml; path = "GoogleService-Info.plist"; sourceTree = "<group>"; };
		42D9CA612174E139005C307A /* Tutor+.xcworkspace */ = {isa = PBXFileReference; lastKnownFileType = wrapper.workspace; path = "Tutor+.xcworkspace"; sourceTree = "<group>"; };
		491E6320B62899F69A5A1CFC /* Pods_Tutor_Tests.framework */ = {isa = PBXFileReference; explicitFileType = wrapper.framework; includeInIndex = 0; path = Pods_Tutor_Tests.framework; sourceTree = BUILT_PRODUCTS_DIR; };
		49FB6A65C81B8534117A8A58 /* Pods-Tutor+Tests.release.xcconfig */ = {isa = PBXFileReference; includeInIndex = 1; lastKnownFileType = text.xcconfig; name = "Pods-Tutor+Tests.release.xcconfig"; path = "Pods/Target Support Files/Pods-Tutor+Tests/Pods-Tutor+Tests.release.xcconfig"; sourceTree = "<group>"; };
		4E888C74EE34DA055629DCFB /* Pods-Tutor+UITests.release.xcconfig */ = {isa = PBXFileReference; includeInIndex = 1; lastKnownFileType = text.xcconfig; name = "Pods-Tutor+UITests.release.xcconfig"; path = "Pods/Target Support Files/Pods-Tutor+UITests/Pods-Tutor+UITests.release.xcconfig"; sourceTree = "<group>"; };
		6326285A70DF40A834B7C179 /* Pods-Tutor+UITests.debug.xcconfig */ = {isa = PBXFileReference; includeInIndex = 1; lastKnownFileType = text.xcconfig; name = "Pods-Tutor+UITests.debug.xcconfig"; path = "Pods/Target Support Files/Pods-Tutor+UITests/Pods-Tutor+UITests.debug.xcconfig"; sourceTree = "<group>"; };
		9AEF0D76E01A2179A88E69D8 /* Pods-Tutor+Tests.debug.xcconfig */ = {isa = PBXFileReference; includeInIndex = 1; lastKnownFileType = text.xcconfig; name = "Pods-Tutor+Tests.debug.xcconfig"; path = "Pods/Target Support Files/Pods-Tutor+Tests/Pods-Tutor+Tests.debug.xcconfig"; sourceTree = "<group>"; };
		A6F2D0D71EE790B91B463655 /* Pods-Tutor+.debug.xcconfig */ = {isa = PBXFileReference; includeInIndex = 1; lastKnownFileType = text.xcconfig; name = "Pods-Tutor+.debug.xcconfig"; path = "Pods/Target Support Files/Pods-Tutor+/Pods-Tutor+.debug.xcconfig"; sourceTree = "<group>"; };
		AB26A46A21768CAF00FEE377 /* FirebaseUser.swift */ = {isa = PBXFileReference; lastKnownFileType = sourcecode.swift; path = FirebaseUser.swift; sourceTree = "<group>"; };
		AB26A46E21769FE000FEE377 /* GlobalFunctions.swift */ = {isa = PBXFileReference; lastKnownFileType = sourcecode.swift; path = GlobalFunctions.swift; sourceTree = "<group>"; };
		AB92C154217668CB0030B5F7 /* SearchViewController.swift */ = {isa = PBXFileReference; lastKnownFileType = sourcecode.swift; path = SearchViewController.swift; sourceTree = "<group>"; };
		AF02DA98643601DA9126B1A7 /* Pods_Tutor_UITests.framework */ = {isa = PBXFileReference; explicitFileType = wrapper.framework; includeInIndex = 0; path = Pods_Tutor_UITests.framework; sourceTree = BUILT_PRODUCTS_DIR; };
		BBCEE6AD4F5BFAD5AE740591 /* Pods-Tutor+.release.xcconfig */ = {isa = PBXFileReference; includeInIndex = 1; lastKnownFileType = text.xcconfig; name = "Pods-Tutor+.release.xcconfig"; path = "Pods/Target Support Files/Pods-Tutor+/Pods-Tutor+.release.xcconfig"; sourceTree = "<group>"; };
		C82C1C19217BDDBA00EE4660 /* TutorProfileEdit.swift */ = {isa = PBXFileReference; lastKnownFileType = sourcecode.swift; path = TutorProfileEdit.swift; sourceTree = "<group>"; };
		C8BE929F2176D9CF00A0E896 /* userProfileEdit.swift */ = {isa = PBXFileReference; fileEncoding = 4; lastKnownFileType = sourcecode.swift; path = userProfileEdit.swift; sourceTree = "<group>"; };
		C8BE92A02176D9D000A0E896 /* userProfilePageViewController.swift */ = {isa = PBXFileReference; fileEncoding = 4; lastKnownFileType = sourcecode.swift; path = userProfilePageViewController.swift; sourceTree = "<group>"; };
		F3D4DCE4BE32E7D66DC684DF /* Pods_Tutor_.framework */ = {isa = PBXFileReference; explicitFileType = wrapper.framework; includeInIndex = 0; path = Pods_Tutor_.framework; sourceTree = BUILT_PRODUCTS_DIR; };
/* End PBXFileReference section */

/* Begin PBXFrameworksBuildPhase section */
		42866EA7216EA63400D29698 /* Frameworks */ = {
			isa = PBXFrameworksBuildPhase;
			buildActionMask = 2147483647;
			files = (
				74BF8E58423110C7B6CACCD0 /* Pods_Tutor_.framework in Frameworks */,
			);
			runOnlyForDeploymentPostprocessing = 0;
		};
		42866EBB216EA63700D29698 /* Frameworks */ = {
			isa = PBXFrameworksBuildPhase;
			buildActionMask = 2147483647;
			files = (
				14A51B7F1D25FB8030AD1F58 /* Pods_Tutor_Tests.framework in Frameworks */,
			);
			runOnlyForDeploymentPostprocessing = 0;
		};
		42866EC6216EA63700D29698 /* Frameworks */ = {
			isa = PBXFrameworksBuildPhase;
			buildActionMask = 2147483647;
			files = (
				14A63A8E24CE91D6A154BA5D /* Pods_Tutor_UITests.framework in Frameworks */,
			);
			runOnlyForDeploymentPostprocessing = 0;
		};
/* End PBXFrameworksBuildPhase section */

/* Begin PBXGroup section */
		42866EA1216EA63400D29698 = {
			isa = PBXGroup;
			children = (
				42D9CA612174E139005C307A /* Tutor+.xcworkspace */,
				42866EAC216EA63400D29698 /* Tutor+ */,
				42866EC1216EA63700D29698 /* Tutor+Tests */,
				42866ECC216EA63700D29698 /* Tutor+UITests */,
				42866EAB216EA63400D29698 /* Products */,
				6841033587F5ABC659C97016 /* Pods */,
				45AA4CDB1D777741460FD9FE /* Frameworks */,
			);
			sourceTree = "<group>";
		};
		42866EAB216EA63400D29698 /* Products */ = {
			isa = PBXGroup;
			children = (
				42866EAA216EA63400D29698 /* Tutor+.app */,
				42866EBE216EA63700D29698 /* Tutor+Tests.xctest */,
				42866EC9216EA63700D29698 /* Tutor+UITests.xctest */,
			);
			name = Products;
			sourceTree = "<group>";
		};
		42866EAC216EA63400D29698 /* Tutor+ */ = {
			isa = PBXGroup;
			children = (
				AB26A46D21769FC300FEE377 /* Utilities */,
				AB26A46C21768D8E00FEE377 /* Controller */,
				AB26A46921768C5200FEE377 /* Model */,
				429D63EA2174D5F6006EC97F /* GoogleService-Info.plist */,
				42866EAD216EA63400D29698 /* AppDelegate.swift */,
				42866EB1216EA63400D29698 /* Main.storyboard */,
				42866EB4216EA63700D29698 /* Assets.xcassets */,
				42866EB6216EA63700D29698 /* LaunchScreen.storyboard */,
				42866EB9216EA63700D29698 /* Info.plist */,
			);
			path = "Tutor+";
			sourceTree = "<group>";
		};
		42866EC1216EA63700D29698 /* Tutor+Tests */ = {
			isa = PBXGroup;
			children = (
				42866EC2216EA63700D29698 /* Tutor_Tests.swift */,
				42866EC4216EA63700D29698 /* Info.plist */,
			);
			path = "Tutor+Tests";
			sourceTree = "<group>";
		};
		42866ECC216EA63700D29698 /* Tutor+UITests */ = {
			isa = PBXGroup;
			children = (
				42866ECD216EA63700D29698 /* Tutor_UITests.swift */,
				42866ECF216EA63700D29698 /* Info.plist */,
			);
			path = "Tutor+UITests";
			sourceTree = "<group>";
		};
		45AA4CDB1D777741460FD9FE /* Frameworks */ = {
			isa = PBXGroup;
			children = (
				F3D4DCE4BE32E7D66DC684DF /* Pods_Tutor_.framework */,
				491E6320B62899F69A5A1CFC /* Pods_Tutor_Tests.framework */,
				AF02DA98643601DA9126B1A7 /* Pods_Tutor_UITests.framework */,
			);
			name = Frameworks;
			sourceTree = "<group>";
		};
		6841033587F5ABC659C97016 /* Pods */ = {
			isa = PBXGroup;
			children = (
				A6F2D0D71EE790B91B463655 /* Pods-Tutor+.debug.xcconfig */,
				BBCEE6AD4F5BFAD5AE740591 /* Pods-Tutor+.release.xcconfig */,
				9AEF0D76E01A2179A88E69D8 /* Pods-Tutor+Tests.debug.xcconfig */,
				49FB6A65C81B8534117A8A58 /* Pods-Tutor+Tests.release.xcconfig */,
				6326285A70DF40A834B7C179 /* Pods-Tutor+UITests.debug.xcconfig */,
				4E888C74EE34DA055629DCFB /* Pods-Tutor+UITests.release.xcconfig */,
			);
			name = Pods;
			sourceTree = "<group>";
		};
		AB26A46921768C5200FEE377 /* Model */ = {
			isa = PBXGroup;
			children = (
				AB26A46A21768CAF00FEE377 /* FirebaseUser.swift */,
			);
			path = Model;
			sourceTree = "<group>";
		};
		AB26A46C21768D8E00FEE377 /* Controller */ = {
			isa = PBXGroup;
			children = (
				C82C1C19217BDDBA00EE4660 /* TutorProfileEdit.swift */,
				C8BE929F2176D9CF00A0E896 /* userProfileEdit.swift */,
				C8BE92A02176D9D000A0E896 /* userProfilePageViewController.swift */,
				AB92C154217668CB0030B5F7 /* SearchViewController.swift */,
				426098222175B30E00A2C1B8 /* LoginViewController.swift */,
			);
			path = Controller;
			sourceTree = "<group>";
		};
		AB26A46D21769FC300FEE377 /* Utilities */ = {
			isa = PBXGroup;
			children = (
				AB26A46E21769FE000FEE377 /* GlobalFunctions.swift */,
			);
			path = Utilities;
			sourceTree = "<group>";
		};
/* End PBXGroup section */

/* Begin PBXNativeTarget section */
		42866EA9216EA63400D29698 /* Tutor+ */ = {
			isa = PBXNativeTarget;
			buildConfigurationList = 42866ED2216EA63700D29698 /* Build configuration list for PBXNativeTarget "Tutor+" */;
			buildPhases = (
				5BA49B2B464624E0B032EF70 /* [CP] Check Pods Manifest.lock */,
				42866EA6216EA63400D29698 /* Sources */,
				42866EA7216EA63400D29698 /* Frameworks */,
				42866EA8216EA63400D29698 /* Resources */,
				E4D766F5DF61C50B8B541B0C /* [CP] Embed Pods Frameworks */,
				5217913A54B4D9DAA8C89EE7 /* [CP] Copy Pods Resources */,
			);
			buildRules = (
			);
			dependencies = (
			);
			name = "Tutor+";
			productName = "Tutor+";
			productReference = 42866EAA216EA63400D29698 /* Tutor+.app */;
			productType = "com.apple.product-type.application";
		};
		42866EBD216EA63700D29698 /* Tutor+Tests */ = {
			isa = PBXNativeTarget;
			buildConfigurationList = 42866ED5216EA63700D29698 /* Build configuration list for PBXNativeTarget "Tutor+Tests" */;
			buildPhases = (
				E058104F4FD66F581057DC56 /* [CP] Check Pods Manifest.lock */,
				42866EBA216EA63700D29698 /* Sources */,
				42866EBB216EA63700D29698 /* Frameworks */,
				42866EBC216EA63700D29698 /* Resources */,
			);
			buildRules = (
			);
			dependencies = (
				42866EC0216EA63700D29698 /* PBXTargetDependency */,
			);
			name = "Tutor+Tests";
			productName = "Tutor+Tests";
			productReference = 42866EBE216EA63700D29698 /* Tutor+Tests.xctest */;
			productType = "com.apple.product-type.bundle.unit-test";
		};
		42866EC8216EA63700D29698 /* Tutor+UITests */ = {
			isa = PBXNativeTarget;
			buildConfigurationList = 42866ED8216EA63700D29698 /* Build configuration list for PBXNativeTarget "Tutor+UITests" */;
			buildPhases = (
				94A19CDC4A925B1F4D128CE7 /* [CP] Check Pods Manifest.lock */,
				42866EC5216EA63700D29698 /* Sources */,
				42866EC6216EA63700D29698 /* Frameworks */,
				42866EC7216EA63700D29698 /* Resources */,
			);
			buildRules = (
			);
			dependencies = (
				42866ECB216EA63700D29698 /* PBXTargetDependency */,
			);
			name = "Tutor+UITests";
			productName = "Tutor+UITests";
			productReference = 42866EC9216EA63700D29698 /* Tutor+UITests.xctest */;
			productType = "com.apple.product-type.bundle.ui-testing";
		};
/* End PBXNativeTarget section */

/* Begin PBXProject section */
		42866EA2216EA63400D29698 /* Project object */ = {
			isa = PBXProject;
			attributes = {
				LastSwiftUpdateCheck = 1000;
				LastUpgradeCheck = 1000;
				ORGANIZATIONNAME = JunyiZhao;
				TargetAttributes = {
					42866EA9216EA63400D29698 = {
						CreatedOnToolsVersion = 10.0;
					};
					42866EBD216EA63700D29698 = {
						CreatedOnToolsVersion = 10.0;
						TestTargetID = 42866EA9216EA63400D29698;
					};
					42866EC8216EA63700D29698 = {
						CreatedOnToolsVersion = 10.0;
						TestTargetID = 42866EA9216EA63400D29698;
					};
				};
			};
			buildConfigurationList = 42866EA5216EA63400D29698 /* Build configuration list for PBXProject "Tutor+" */;
			compatibilityVersion = "Xcode 9.3";
			developmentRegion = en;
			hasScannedForEncodings = 0;
			knownRegions = (
				en,
				Base,
			);
			mainGroup = 42866EA1216EA63400D29698;
			productRefGroup = 42866EAB216EA63400D29698 /* Products */;
			projectDirPath = "";
			projectRoot = "";
			targets = (
				42866EA9216EA63400D29698 /* Tutor+ */,
				42866EBD216EA63700D29698 /* Tutor+Tests */,
				42866EC8216EA63700D29698 /* Tutor+UITests */,
			);
		};
/* End PBXProject section */

/* Begin PBXResourcesBuildPhase section */
		42866EA8216EA63400D29698 /* Resources */ = {
			isa = PBXResourcesBuildPhase;
			buildActionMask = 2147483647;
			files = (
				42D9CA622174E139005C307A /* Tutor+.xcworkspace in Resources */,
				42866EB8216EA63700D29698 /* LaunchScreen.storyboard in Resources */,
				429D63EB2174D5F6006EC97F /* GoogleService-Info.plist in Resources */,
				42866EB5216EA63700D29698 /* Assets.xcassets in Resources */,
				42866EB3216EA63400D29698 /* Main.storyboard in Resources */,
			);
			runOnlyForDeploymentPostprocessing = 0;
		};
		42866EBC216EA63700D29698 /* Resources */ = {
			isa = PBXResourcesBuildPhase;
			buildActionMask = 2147483647;
			files = (
			);
			runOnlyForDeploymentPostprocessing = 0;
		};
		42866EC7216EA63700D29698 /* Resources */ = {
			isa = PBXResourcesBuildPhase;
			buildActionMask = 2147483647;
			files = (
			);
			runOnlyForDeploymentPostprocessing = 0;
		};
/* End PBXResourcesBuildPhase section */

/* Begin PBXShellScriptBuildPhase section */
		5217913A54B4D9DAA8C89EE7 /* [CP] Copy Pods Resources */ = {
			isa = PBXShellScriptBuildPhase;
			buildActionMask = 2147483647;
			files = (
			);
			inputFileListPaths = (
			);
			inputPaths = (
				"${SRCROOT}/Pods/Target Support Files/Pods-Tutor+/Pods-Tutor+-resources.sh",
				"${PODS_ROOT}/GoogleSignIn/Resources/GoogleSignIn.bundle",
			);
			name = "[CP] Copy Pods Resources";
			outputFileListPaths = (
			);
			outputPaths = (
				"${TARGET_BUILD_DIR}/${UNLOCALIZED_RESOURCES_FOLDER_PATH}/GoogleSignIn.bundle",
			);
			runOnlyForDeploymentPostprocessing = 0;
			shellPath = /bin/sh;
			shellScript = "\"${SRCROOT}/Pods/Target Support Files/Pods-Tutor+/Pods-Tutor+-resources.sh\"\n";
			showEnvVarsInLog = 0;
		};
		5BA49B2B464624E0B032EF70 /* [CP] Check Pods Manifest.lock */ = {
			isa = PBXShellScriptBuildPhase;
			buildActionMask = 2147483647;
			files = (
			);
			inputFileListPaths = (
			);
			inputPaths = (
				"${PODS_PODFILE_DIR_PATH}/Podfile.lock",
				"${PODS_ROOT}/Manifest.lock",
			);
			name = "[CP] Check Pods Manifest.lock";
			outputFileListPaths = (
			);
			outputPaths = (
				"$(DERIVED_FILE_DIR)/Pods-Tutor+-checkManifestLockResult.txt",
			);
			runOnlyForDeploymentPostprocessing = 0;
			shellPath = /bin/sh;
			shellScript = "diff \"${PODS_PODFILE_DIR_PATH}/Podfile.lock\" \"${PODS_ROOT}/Manifest.lock\" > /dev/null\nif [ $? != 0 ] ; then\n    # print error to STDERR\n    echo \"error: The sandbox is not in sync with the Podfile.lock. Run 'pod install' or update your CocoaPods installation.\" >&2\n    exit 1\nfi\n# This output is used by Xcode 'outputs' to avoid re-running this script phase.\necho \"SUCCESS\" > \"${SCRIPT_OUTPUT_FILE_0}\"\n";
			showEnvVarsInLog = 0;
		};
		94A19CDC4A925B1F4D128CE7 /* [CP] Check Pods Manifest.lock */ = {
			isa = PBXShellScriptBuildPhase;
			buildActionMask = 2147483647;
			files = (
			);
			inputFileListPaths = (
			);
			inputPaths = (
				"${PODS_PODFILE_DIR_PATH}/Podfile.lock",
				"${PODS_ROOT}/Manifest.lock",
			);
			name = "[CP] Check Pods Manifest.lock";
			outputFileListPaths = (
			);
			outputPaths = (
				"$(DERIVED_FILE_DIR)/Pods-Tutor+UITests-checkManifestLockResult.txt",
			);
			runOnlyForDeploymentPostprocessing = 0;
			shellPath = /bin/sh;
			shellScript = "diff \"${PODS_PODFILE_DIR_PATH}/Podfile.lock\" \"${PODS_ROOT}/Manifest.lock\" > /dev/null\nif [ $? != 0 ] ; then\n    # print error to STDERR\n    echo \"error: The sandbox is not in sync with the Podfile.lock. Run 'pod install' or update your CocoaPods installation.\" >&2\n    exit 1\nfi\n# This output is used by Xcode 'outputs' to avoid re-running this script phase.\necho \"SUCCESS\" > \"${SCRIPT_OUTPUT_FILE_0}\"\n";
			showEnvVarsInLog = 0;
		};
		E058104F4FD66F581057DC56 /* [CP] Check Pods Manifest.lock */ = {
			isa = PBXShellScriptBuildPhase;
			buildActionMask = 2147483647;
			files = (
			);
			inputFileListPaths = (
			);
			inputPaths = (
				"${PODS_PODFILE_DIR_PATH}/Podfile.lock",
				"${PODS_ROOT}/Manifest.lock",
			);
			name = "[CP] Check Pods Manifest.lock";
			outputFileListPaths = (
			);
			outputPaths = (
				"$(DERIVED_FILE_DIR)/Pods-Tutor+Tests-checkManifestLockResult.txt",
			);
			runOnlyForDeploymentPostprocessing = 0;
			shellPath = /bin/sh;
			shellScript = "diff \"${PODS_PODFILE_DIR_PATH}/Podfile.lock\" \"${PODS_ROOT}/Manifest.lock\" > /dev/null\nif [ $? != 0 ] ; then\n    # print error to STDERR\n    echo \"error: The sandbox is not in sync with the Podfile.lock. Run 'pod install' or update your CocoaPods installation.\" >&2\n    exit 1\nfi\n# This output is used by Xcode 'outputs' to avoid re-running this script phase.\necho \"SUCCESS\" > \"${SCRIPT_OUTPUT_FILE_0}\"\n";
			showEnvVarsInLog = 0;
		};
		E4D766F5DF61C50B8B541B0C /* [CP] Embed Pods Frameworks */ = {
			isa = PBXShellScriptBuildPhase;
			buildActionMask = 2147483647;
			files = (
			);
			inputFileListPaths = (
			);
			inputPaths = (
				"${SRCROOT}/Pods/Target Support Files/Pods-Tutor+/Pods-Tutor+-frameworks.sh",
				"${BUILT_PRODUCTS_DIR}/GTMOAuth2/GTMOAuth2.framework",
				"${BUILT_PRODUCTS_DIR}/GTMSessionFetcher/GTMSessionFetcher.framework",
				"${BUILT_PRODUCTS_DIR}/GoogleToolboxForMac/GoogleToolboxForMac.framework",
				"${BUILT_PRODUCTS_DIR}/GoogleUtilities/GoogleUtilities.framework",
				"${BUILT_PRODUCTS_DIR}/nanopb/nanopb.framework",
			);
			name = "[CP] Embed Pods Frameworks";
			outputFileListPaths = (
			);
			outputPaths = (
				"${TARGET_BUILD_DIR}/${FRAMEWORKS_FOLDER_PATH}/GTMOAuth2.framework",
				"${TARGET_BUILD_DIR}/${FRAMEWORKS_FOLDER_PATH}/GTMSessionFetcher.framework",
				"${TARGET_BUILD_DIR}/${FRAMEWORKS_FOLDER_PATH}/GoogleToolboxForMac.framework",
				"${TARGET_BUILD_DIR}/${FRAMEWORKS_FOLDER_PATH}/GoogleUtilities.framework",
				"${TARGET_BUILD_DIR}/${FRAMEWORKS_FOLDER_PATH}/nanopb.framework",
			);
			runOnlyForDeploymentPostprocessing = 0;
			shellPath = /bin/sh;
			shellScript = "\"${SRCROOT}/Pods/Target Support Files/Pods-Tutor+/Pods-Tutor+-frameworks.sh\"\n";
			showEnvVarsInLog = 0;
		};
/* End PBXShellScriptBuildPhase section */

/* Begin PBXSourcesBuildPhase section */
		42866EA6216EA63400D29698 /* Sources */ = {
			isa = PBXSourcesBuildPhase;
			buildActionMask = 2147483647;
			files = (
				C8BE92A12176D9D000A0E896 /* userProfileEdit.swift in Sources */,
				C8BE92A22176D9D000A0E896 /* userProfilePageViewController.swift in Sources */,
				AB92C155217668CB0030B5F7 /* SearchViewController.swift in Sources */,
				AB26A46B21768CAF00FEE377 /* FirebaseUser.swift in Sources */,
				AB26A46F21769FE000FEE377 /* GlobalFunctions.swift in Sources */,
				426098232175B30E00A2C1B8 /* LoginViewController.swift in Sources */,
				C82C1C1A217BDDBA00EE4660 /* TutorProfileEdit.swift in Sources */,
				42866EAE216EA63400D29698 /* AppDelegate.swift in Sources */,
			);
			runOnlyForDeploymentPostprocessing = 0;
		};
		42866EBA216EA63700D29698 /* Sources */ = {
			isa = PBXSourcesBuildPhase;
			buildActionMask = 2147483647;
			files = (
				42866EC3216EA63700D29698 /* Tutor_Tests.swift in Sources */,
			);
			runOnlyForDeploymentPostprocessing = 0;
		};
		42866EC5216EA63700D29698 /* Sources */ = {
			isa = PBXSourcesBuildPhase;
			buildActionMask = 2147483647;
			files = (
				42866ECE216EA63700D29698 /* Tutor_UITests.swift in Sources */,
			);
			runOnlyForDeploymentPostprocessing = 0;
		};
/* End PBXSourcesBuildPhase section */

/* Begin PBXTargetDependency section */
		42866EC0216EA63700D29698 /* PBXTargetDependency */ = {
			isa = PBXTargetDependency;
			target = 42866EA9216EA63400D29698 /* Tutor+ */;
			targetProxy = 42866EBF216EA63700D29698 /* PBXContainerItemProxy */;
		};
		42866ECB216EA63700D29698 /* PBXTargetDependency */ = {
			isa = PBXTargetDependency;
			target = 42866EA9216EA63400D29698 /* Tutor+ */;
			targetProxy = 42866ECA216EA63700D29698 /* PBXContainerItemProxy */;
		};
/* End PBXTargetDependency section */

/* Begin PBXVariantGroup section */
		42866EB1216EA63400D29698 /* Main.storyboard */ = {
			isa = PBXVariantGroup;
			children = (
				42866EB2216EA63400D29698 /* Base */,
			);
			name = Main.storyboard;
			sourceTree = "<group>";
		};
		42866EB6216EA63700D29698 /* LaunchScreen.storyboard */ = {
			isa = PBXVariantGroup;
			children = (
				42866EB7216EA63700D29698 /* Base */,
			);
			name = LaunchScreen.storyboard;
			sourceTree = "<group>";
		};
/* End PBXVariantGroup section */

/* Begin XCBuildConfiguration section */
		42866ED0216EA63700D29698 /* Debug */ = {
			isa = XCBuildConfiguration;
			buildSettings = {
				ALWAYS_SEARCH_USER_PATHS = NO;
				CLANG_ANALYZER_NONNULL = YES;
				CLANG_ANALYZER_NUMBER_OBJECT_CONVERSION = YES_AGGRESSIVE;
				CLANG_CXX_LANGUAGE_STANDARD = "gnu++14";
				CLANG_CXX_LIBRARY = "libc++";
				CLANG_ENABLE_MODULES = YES;
				CLANG_ENABLE_OBJC_ARC = YES;
				CLANG_ENABLE_OBJC_WEAK = YES;
				CLANG_WARN_BLOCK_CAPTURE_AUTORELEASING = YES;
				CLANG_WARN_BOOL_CONVERSION = YES;
				CLANG_WARN_COMMA = YES;
				CLANG_WARN_CONSTANT_CONVERSION = YES;
				CLANG_WARN_DEPRECATED_OBJC_IMPLEMENTATIONS = YES;
				CLANG_WARN_DIRECT_OBJC_ISA_USAGE = YES_ERROR;
				CLANG_WARN_DOCUMENTATION_COMMENTS = YES;
				CLANG_WARN_EMPTY_BODY = YES;
				CLANG_WARN_ENUM_CONVERSION = YES;
				CLANG_WARN_INFINITE_RECURSION = YES;
				CLANG_WARN_INT_CONVERSION = YES;
				CLANG_WARN_NON_LITERAL_NULL_CONVERSION = YES;
				CLANG_WARN_OBJC_IMPLICIT_RETAIN_SELF = YES;
				CLANG_WARN_OBJC_LITERAL_CONVERSION = YES;
				CLANG_WARN_OBJC_ROOT_CLASS = YES_ERROR;
				CLANG_WARN_RANGE_LOOP_ANALYSIS = YES;
				CLANG_WARN_STRICT_PROTOTYPES = YES;
				CLANG_WARN_SUSPICIOUS_MOVE = YES;
				CLANG_WARN_UNGUARDED_AVAILABILITY = YES_AGGRESSIVE;
				CLANG_WARN_UNREACHABLE_CODE = YES;
				CLANG_WARN__DUPLICATE_METHOD_MATCH = YES;
				CODE_SIGN_IDENTITY = "iPhone Developer";
				COPY_PHASE_STRIP = NO;
				DEBUG_INFORMATION_FORMAT = dwarf;
				ENABLE_STRICT_OBJC_MSGSEND = YES;
				ENABLE_TESTABILITY = YES;
				GCC_C_LANGUAGE_STANDARD = gnu11;
				GCC_DYNAMIC_NO_PIC = NO;
				GCC_NO_COMMON_BLOCKS = YES;
				GCC_OPTIMIZATION_LEVEL = 0;
				GCC_PREPROCESSOR_DEFINITIONS = (
					"DEBUG=1",
					"$(inherited)",
				);
				GCC_WARN_64_TO_32_BIT_CONVERSION = YES;
				GCC_WARN_ABOUT_RETURN_TYPE = YES_ERROR;
				GCC_WARN_UNDECLARED_SELECTOR = YES;
				GCC_WARN_UNINITIALIZED_AUTOS = YES_AGGRESSIVE;
				GCC_WARN_UNUSED_FUNCTION = YES;
				GCC_WARN_UNUSED_VARIABLE = YES;
				IPHONEOS_DEPLOYMENT_TARGET = 12.0;
				MTL_ENABLE_DEBUG_INFO = INCLUDE_SOURCE;
				MTL_FAST_MATH = YES;
				ONLY_ACTIVE_ARCH = YES;
				SDKROOT = iphoneos;
				SWIFT_ACTIVE_COMPILATION_CONDITIONS = DEBUG;
				SWIFT_OPTIMIZATION_LEVEL = "-Onone";
			};
			name = Debug;
		};
		42866ED1216EA63700D29698 /* Release */ = {
			isa = XCBuildConfiguration;
			buildSettings = {
				ALWAYS_SEARCH_USER_PATHS = NO;
				CLANG_ANALYZER_NONNULL = YES;
				CLANG_ANALYZER_NUMBER_OBJECT_CONVERSION = YES_AGGRESSIVE;
				CLANG_CXX_LANGUAGE_STANDARD = "gnu++14";
				CLANG_CXX_LIBRARY = "libc++";
				CLANG_ENABLE_MODULES = YES;
				CLANG_ENABLE_OBJC_ARC = YES;
				CLANG_ENABLE_OBJC_WEAK = YES;
				CLANG_WARN_BLOCK_CAPTURE_AUTORELEASING = YES;
				CLANG_WARN_BOOL_CONVERSION = YES;
				CLANG_WARN_COMMA = YES;
				CLANG_WARN_CONSTANT_CONVERSION = YES;
				CLANG_WARN_DEPRECATED_OBJC_IMPLEMENTATIONS = YES;
				CLANG_WARN_DIRECT_OBJC_ISA_USAGE = YES_ERROR;
				CLANG_WARN_DOCUMENTATION_COMMENTS = YES;
				CLANG_WARN_EMPTY_BODY = YES;
				CLANG_WARN_ENUM_CONVERSION = YES;
				CLANG_WARN_INFINITE_RECURSION = YES;
				CLANG_WARN_INT_CONVERSION = YES;
				CLANG_WARN_NON_LITERAL_NULL_CONVERSION = YES;
				CLANG_WARN_OBJC_IMPLICIT_RETAIN_SELF = YES;
				CLANG_WARN_OBJC_LITERAL_CONVERSION = YES;
				CLANG_WARN_OBJC_ROOT_CLASS = YES_ERROR;
				CLANG_WARN_RANGE_LOOP_ANALYSIS = YES;
				CLANG_WARN_STRICT_PROTOTYPES = YES;
				CLANG_WARN_SUSPICIOUS_MOVE = YES;
				CLANG_WARN_UNGUARDED_AVAILABILITY = YES_AGGRESSIVE;
				CLANG_WARN_UNREACHABLE_CODE = YES;
				CLANG_WARN__DUPLICATE_METHOD_MATCH = YES;
				CODE_SIGN_IDENTITY = "iPhone Developer";
				COPY_PHASE_STRIP = NO;
				DEBUG_INFORMATION_FORMAT = "dwarf-with-dsym";
				ENABLE_NS_ASSERTIONS = NO;
				ENABLE_STRICT_OBJC_MSGSEND = YES;
				GCC_C_LANGUAGE_STANDARD = gnu11;
				GCC_NO_COMMON_BLOCKS = YES;
				GCC_WARN_64_TO_32_BIT_CONVERSION = YES;
				GCC_WARN_ABOUT_RETURN_TYPE = YES_ERROR;
				GCC_WARN_UNDECLARED_SELECTOR = YES;
				GCC_WARN_UNINITIALIZED_AUTOS = YES_AGGRESSIVE;
				GCC_WARN_UNUSED_FUNCTION = YES;
				GCC_WARN_UNUSED_VARIABLE = YES;
				IPHONEOS_DEPLOYMENT_TARGET = 12.0;
				MTL_ENABLE_DEBUG_INFO = NO;
				MTL_FAST_MATH = YES;
				SDKROOT = iphoneos;
				SWIFT_COMPILATION_MODE = wholemodule;
				SWIFT_OPTIMIZATION_LEVEL = "-O";
				VALIDATE_PRODUCT = YES;
			};
			name = Release;
		};
		42866ED3216EA63700D29698 /* Debug */ = {
			isa = XCBuildConfiguration;
			baseConfigurationReference = A6F2D0D71EE790B91B463655 /* Pods-Tutor+.debug.xcconfig */;
			buildSettings = {
				ASSETCATALOG_COMPILER_APPICON_NAME = AppIcon;
				CODE_SIGN_STYLE = Automatic;
				INFOPLIST_FILE = "Tutor+/Info.plist";
				LD_RUNPATH_SEARCH_PATHS = (
					"$(inherited)",
					"@executable_path/Frameworks",
				);
				PRODUCT_BUNDLE_IDENTIFIER = com.JunyiZhao.TutorPlus;
				PRODUCT_NAME = "$(TARGET_NAME)";
				SWIFT_VERSION = 4.2;
				TARGETED_DEVICE_FAMILY = "1,2";
			};
			name = Debug;
		};
		42866ED4216EA63700D29698 /* Release */ = {
			isa = XCBuildConfiguration;
			baseConfigurationReference = BBCEE6AD4F5BFAD5AE740591 /* Pods-Tutor+.release.xcconfig */;
			buildSettings = {
				ASSETCATALOG_COMPILER_APPICON_NAME = AppIcon;
				CODE_SIGN_STYLE = Automatic;
				INFOPLIST_FILE = "Tutor+/Info.plist";
				LD_RUNPATH_SEARCH_PATHS = (
					"$(inherited)",
					"@executable_path/Frameworks",
				);
				PRODUCT_BUNDLE_IDENTIFIER = com.JunyiZhao.TutorPlus;
				PRODUCT_NAME = "$(TARGET_NAME)";
				SWIFT_VERSION = 4.2;
				TARGETED_DEVICE_FAMILY = "1,2";
			};
			name = Release;
		};
		42866ED6216EA63700D29698 /* Debug */ = {
			isa = XCBuildConfiguration;
			baseConfigurationReference = 9AEF0D76E01A2179A88E69D8 /* Pods-Tutor+Tests.debug.xcconfig */;
			buildSettings = {
				ALWAYS_EMBED_SWIFT_STANDARD_LIBRARIES = YES;
				BUNDLE_LOADER = "$(TEST_HOST)";
				CODE_SIGN_STYLE = Automatic;
				INFOPLIST_FILE = "Tutor+Tests/Info.plist";
				LD_RUNPATH_SEARCH_PATHS = (
					"$(inherited)",
					"@executable_path/Frameworks",
					"@loader_path/Frameworks",
				);
				PRODUCT_BUNDLE_IDENTIFIER = "com.JunyiZhao.Tutor-.Tutor-Tests";
				PRODUCT_NAME = "$(TARGET_NAME)";
				SWIFT_VERSION = 4.2;
				TARGETED_DEVICE_FAMILY = "1,2";
				TEST_HOST = "$(BUILT_PRODUCTS_DIR)/Tutor+.app/Tutor+";
			};
			name = Debug;
		};
		42866ED7216EA63700D29698 /* Release */ = {
			isa = XCBuildConfiguration;
			baseConfigurationReference = 49FB6A65C81B8534117A8A58 /* Pods-Tutor+Tests.release.xcconfig */;
			buildSettings = {
				ALWAYS_EMBED_SWIFT_STANDARD_LIBRARIES = YES;
				BUNDLE_LOADER = "$(TEST_HOST)";
				CODE_SIGN_STYLE = Automatic;
				INFOPLIST_FILE = "Tutor+Tests/Info.plist";
				LD_RUNPATH_SEARCH_PATHS = (
					"$(inherited)",
					"@executable_path/Frameworks",
					"@loader_path/Frameworks",
				);
				PRODUCT_BUNDLE_IDENTIFIER = "com.JunyiZhao.Tutor-.Tutor-Tests";
				PRODUCT_NAME = "$(TARGET_NAME)";
				SWIFT_VERSION = 4.2;
				TARGETED_DEVICE_FAMILY = "1,2";
				TEST_HOST = "$(BUILT_PRODUCTS_DIR)/Tutor+.app/Tutor+";
			};
			name = Release;
		};
		42866ED9216EA63700D29698 /* Debug */ = {
			isa = XCBuildConfiguration;
			baseConfigurationReference = 6326285A70DF40A834B7C179 /* Pods-Tutor+UITests.debug.xcconfig */;
			buildSettings = {
				ALWAYS_EMBED_SWIFT_STANDARD_LIBRARIES = YES;
				CODE_SIGN_STYLE = Automatic;
				INFOPLIST_FILE = "Tutor+UITests/Info.plist";
				LD_RUNPATH_SEARCH_PATHS = (
					"$(inherited)",
					"@executable_path/Frameworks",
					"@loader_path/Frameworks",
				);
				PRODUCT_BUNDLE_IDENTIFIER = "com.JunyiZhao.Tutor-.Tutor-UITests";
				PRODUCT_NAME = "$(TARGET_NAME)";
				SWIFT_VERSION = 4.2;
				TARGETED_DEVICE_FAMILY = "1,2";
				TEST_TARGET_NAME = "Tutor+";
			};
			name = Debug;
		};
		42866EDA216EA63700D29698 /* Release */ = {
			isa = XCBuildConfiguration;
			baseConfigurationReference = 4E888C74EE34DA055629DCFB /* Pods-Tutor+UITests.release.xcconfig */;
			buildSettings = {
				ALWAYS_EMBED_SWIFT_STANDARD_LIBRARIES = YES;
				CODE_SIGN_STYLE = Automatic;
				INFOPLIST_FILE = "Tutor+UITests/Info.plist";
				LD_RUNPATH_SEARCH_PATHS = (
					"$(inherited)",
					"@executable_path/Frameworks",
					"@loader_path/Frameworks",
				);
				PRODUCT_BUNDLE_IDENTIFIER = "com.JunyiZhao.Tutor-.Tutor-UITests";
				PRODUCT_NAME = "$(TARGET_NAME)";
				SWIFT_VERSION = 4.2;
				TARGETED_DEVICE_FAMILY = "1,2";
				TEST_TARGET_NAME = "Tutor+";
			};
			name = Release;
		};
/* End XCBuildConfiguration section */

/* Begin XCConfigurationList section */
		42866EA5216EA63400D29698 /* Build configuration list for PBXProject "Tutor+" */ = {
			isa = XCConfigurationList;
			buildConfigurations = (
				42866ED0216EA63700D29698 /* Debug */,
				42866ED1216EA63700D29698 /* Release */,
			);
			defaultConfigurationIsVisible = 0;
			defaultConfigurationName = Release;
		};
		42866ED2216EA63700D29698 /* Build configuration list for PBXNativeTarget "Tutor+" */ = {
			isa = XCConfigurationList;
			buildConfigurations = (
				42866ED3216EA63700D29698 /* Debug */,
				42866ED4216EA63700D29698 /* Release */,
			);
			defaultConfigurationIsVisible = 0;
			defaultConfigurationName = Release;
		};
		42866ED5216EA63700D29698 /* Build configuration list for PBXNativeTarget "Tutor+Tests" */ = {
			isa = XCConfigurationList;
			buildConfigurations = (
				42866ED6216EA63700D29698 /* Debug */,
				42866ED7216EA63700D29698 /* Release */,
			);
			defaultConfigurationIsVisible = 0;
			defaultConfigurationName = Release;
		};
		42866ED8216EA63700D29698 /* Build configuration list for PBXNativeTarget "Tutor+UITests" */ = {
			isa = XCConfigurationList;
			buildConfigurations = (
				42866ED9216EA63700D29698 /* Debug */,
				42866EDA216EA63700D29698 /* Release */,
			);
			defaultConfigurationIsVisible = 0;
			defaultConfigurationName = Release;
		};
/* End XCConfigurationList section */
	};
	rootObject = 42866EA2216EA63400D29698 /* Project object */;
}
